
Microsoft Visual Studio Solution File, Format Version 12.00
# Visual Studio Version 17
VisualStudioVersion = 17.13.35828.75 d17.13
MinimumVisualStudioVersion = 10.0.40219.1
Project("{FAE04EC0-301F-11D3-BF4B-00C04F79EFBC}") = "TezosNotifyBot", "TezosNotifyBot\TezosNotifyBot.csproj", "{FFAE57E9-2564-4C0B-B589-CE608EE49857}"
EndProject
Project("{FAE04EC0-301F-11D3-BF4B-00C04F79EFBC}") = "TezosNotifyBot.Storage", "TezosNotifyBot.Storage\TezosNotifyBot.Storage.csproj", "{E26C154D-FDE0-4A28-AC44-0A54038F5E91}"
EndProject
Project("{FAE04EC0-301F-11D3-BF4B-00C04F79EFBC}") = "TezosNotifyBot.Domain", "TezosNotifyBot.Domain\TezosNotifyBot.Domain.csproj", "{9BBA4D4E-7A31-40D7-999F-645B430D3AE5}"
EndProject
Project("{FAE04EC0-301F-11D3-BF4B-00C04F79EFBC}") = "TezosNotifyBot.Shared", "TezosNotifyBot.Shared\TezosNotifyBot.Shared.csproj", "{D54310DD-0D46-49A5-AB03-D33E524AD009}"
EndProject
Project("{FAE04EC0-301F-11D3-BF4B-00C04F79EFBC}") = "TezosNotifyBot.Dialog", "TezosNotifyBot.Dialog\TezosNotifyBot.Dialog.csproj", "{D6ED75E0-687A-4A3D-B5EC-9B33A84248EF}"
EndProject
Project("{2150E333-8FDC-42A3-9474-1A3956D46DE8}") = "SolutionItems", "SolutionItems", "{02EA681E-C7D8-13C7-8484-4AC65E1B71E8}"
	ProjectSection(SolutionItems) = preProject
		.dockerignore = .dockerignore
		.gitlab-ci.yml = .gitlab-ci.yml
		DEPLOY.md = DEPLOY.md
		DEVELOP.md = DEVELOP.md
		Dockerfile = Dockerfile
		LICENSE = LICENSE
		Makefile = Makefile
		README.md = README.md
	EndProjectSection
EndProject
Global
	GlobalSection(SolutionConfigurationPlatforms) = preSolution
		Debug|Any CPU = Debug|Any CPU
		Release|Any CPU = Release|Any CPU
	EndGlobalSection
	GlobalSection(ProjectConfigurationPlatforms) = postSolution
		{FFAE57E9-2564-4C0B-B589-CE608EE49857}.Debug|Any CPU.ActiveCfg = Debug|Any CPU
		{FFAE57E9-2564-4C0B-B589-CE608EE49857}.Debug|Any CPU.Build.0 = Debug|Any CPU
		{FFAE57E9-2564-4C0B-B589-CE608EE49857}.Release|Any CPU.ActiveCfg = Release|Any CPU
		{FFAE57E9-2564-4C0B-B589-CE608EE49857}.Release|Any CPU.Build.0 = Release|Any CPU
		{E26C154D-FDE0-4A28-AC44-0A54038F5E91}.Debug|Any CPU.ActiveCfg = Debug|Any CPU
		{E26C154D-FDE0-4A28-AC44-0A54038F5E91}.Debug|Any CPU.Build.0 = Debug|Any CPU
		{E26C154D-FDE0-4A28-AC44-0A54038F5E91}.Release|Any CPU.ActiveCfg = Release|Any CPU
		{E26C154D-FDE0-4A28-AC44-0A54038F5E91}.Release|Any CPU.Build.0 = Release|Any CPU
		{9BBA4D4E-7A31-40D7-999F-645B430D3AE5}.Debug|Any CPU.ActiveCfg = Debug|Any CPU
		{9BBA4D4E-7A31-40D7-999F-645B430D3AE5}.Debug|Any CPU.Build.0 = Debug|Any CPU
		{9BBA4D4E-7A31-40D7-999F-645B430D3AE5}.Release|Any CPU.ActiveCfg = Release|Any CPU
		{9BBA4D4E-7A31-40D7-999F-645B430D3AE5}.Release|Any CPU.Build.0 = Release|Any CPU
		{D54310DD-0D46-49A5-AB03-D33E524AD009}.Debug|Any CPU.ActiveCfg = Debug|Any CPU
		{D54310DD-0D46-49A5-AB03-D33E524AD009}.Debug|Any CPU.Build.0 = Debug|Any CPU
		{D54310DD-0D46-49A5-AB03-D33E524AD009}.Release|Any CPU.ActiveCfg = Release|Any CPU
		{D54310DD-0D46-49A5-AB03-D33E524AD009}.Release|Any CPU.Build.0 = Release|Any CPU
		{D6ED75E0-687A-4A3D-B5EC-9B33A84248EF}.Debug|Any CPU.ActiveCfg = Debug|Any CPU
		{D6ED75E0-687A-4A3D-B5EC-9B33A84248EF}.Debug|Any CPU.Build.0 = Debug|Any CPU
		{D6ED75E0-687A-4A3D-B5EC-9B33A84248EF}.Release|Any CPU.ActiveCfg = Release|Any CPU
		{D6ED75E0-687A-4A3D-B5EC-9B33A84248EF}.Release|Any CPU.Build.0 = Release|Any CPU
	EndGlobalSection
	GlobalSection(SolutionProperties) = preSolution
		HideSolutionNode = FALSE
	EndGlobalSection
	GlobalSection(ExtensibilityGlobals) = postSolution
		SolutionGuid = {B4DF5634-0943-4ACD-AFE0-424467D8A953}
	EndGlobalSection
EndGlobal
